// !$*UTF8*$!
{
	archiveVersion = 1;
	classes = {
	};
	objectVersion = 56;
	objects = {

/* Begin PBXBuildFile section */
		DD057E842A8BA53100BA55BD /* RecordTrackVC+Location.swift in Sources */ = {isa = PBXBuildFile; fileRef = DD057E7E2A8BA53100BA55BD /* RecordTrackVC+Location.swift */; };
		DD057E852A8BA53100BA55BD /* BreadcrumbPathRenderer.swift in Sources */ = {isa = PBXBuildFile; fileRef = DD057E7F2A8BA53100BA55BD /* BreadcrumbPathRenderer.swift */; };
		DD057E862A8BA53100BA55BD /* RecordTrackVC.swift in Sources */ = {isa = PBXBuildFile; fileRef = DD057E802A8BA53100BA55BD /* RecordTrackVC.swift */; };
		DD057E872A8BA53100BA55BD /* AppDelegate.swift in Sources */ = {isa = PBXBuildFile; fileRef = DD057E812A8BA53100BA55BD /* AppDelegate.swift */; };
		DD057E882A8BA53100BA55BD /* BreadcrumbPath.swift in Sources */ = {isa = PBXBuildFile; fileRef = DD057E822A8BA53100BA55BD /* BreadcrumbPath.swift */; };
		DD057E892A8BA53100BA55BD /* RecordTrackVC+Menus.swift in Sources */ = {isa = PBXBuildFile; fileRef = DD057E832A8BA53100BA55BD /* RecordTrackVC+Menus.swift */; };
		DD057E932A8BA55700BA55BD /* bells.aif in Resources */ = {isa = PBXBuildFile; fileRef = DD057E8B2A8BA55700BA55BD /* bells.aif */; };
		DD057E942A8BA55700BA55BD /* Assets.xcassets in Resources */ = {isa = PBXBuildFile; fileRef = DD057E8C2A8BA55700BA55BD /* Assets.xcassets */; };
		DD057E952A8BA55700BA55BD /* LaunchScreen.storyboard in Resources */ = {isa = PBXBuildFile; fileRef = DD057E8D2A8BA55700BA55BD /* LaunchScreen.storyboard */; };
		DD057E962A8BA55700BA55BD /* Main.storyboard in Resources */ = {isa = PBXBuildFile; fileRef = DD057E8F2A8BA55700BA55BD /* Main.storyboard */; };
		DD057E972A8BA55700BA55BD /* track-test.gpx in Resources */ = {isa = PBXBuildFile; fileRef = DD057E912A8BA55700BA55BD /* track-test.gpx */; };
		DD057E9A2A8BA62400BA55BD /* SceneDelegate.swift in Sources */ = {isa = PBXBuildFile; fileRef = DD057E992A8BA62400BA55BD /* SceneDelegate.swift */; };
		DD057E9C2A8BAB9C00BA55BD /* SearchTrackVC.swift in Sources */ = {isa = PBXBuildFile; fileRef = DD057E9B2A8BAB9C00BA55BD /* SearchTrackVC.swift */; };
		DD057E9E2A8BABD500BA55BD /* MainVC.swift in Sources */ = {isa = PBXBuildFile; fileRef = DD057E9D2A8BABD500BA55BD /* MainVC.swift */; };
		DD057EA02A8BB2F300BA55BD /* SearchTrackResponse.swift in Sources */ = {isa = PBXBuildFile; fileRef = DD057E9F2A8BB2F300BA55BD /* SearchTrackResponse.swift */; };
		DD057EA22A8C6F9600BA55BD /* TrackDetailVC.swift in Sources */ = {isa = PBXBuildFile; fileRef = DD057EA12A8C6F9500BA55BD /* TrackDetailVC.swift */; };
		DD057EA42A8CBFEA00BA55BD /* TrackUtils.swift in Sources */ = {isa = PBXBuildFile; fileRef = DD057EA32A8CBFEA00BA55BD /* TrackUtils.swift */; };
		DD057EA72A8CC3AC00BA55BD /* SWXMLHash in Frameworks */ = {isa = PBXBuildFile; productRef = DD057EA62A8CC3AC00BA55BD /* SWXMLHash */; };
		DD057EAA2A8DFFAD00BA55BD /* Alamofire in Frameworks */ = {isa = PBXBuildFile; productRef = DD057EA92A8DFFAD00BA55BD /* Alamofire */; };
		DD057EB52A8F608400BA55BD /* RaceVC.swift in Sources */ = {isa = PBXBuildFile; fileRef = DD057EB42A8F608400BA55BD /* RaceVC.swift */; };
		DD4A62C82AC6A87B004CB6D1 /* LoginVC.swift in Sources */ = {isa = PBXBuildFile; fileRef = DD4A62C72AC6A87B004CB6D1 /* LoginVC.swift */; };
		DD4A62CA2AC6A890004CB6D1 /* SignupVC.swift in Sources */ = {isa = PBXBuildFile; fileRef = DD4A62C92AC6A890004CB6D1 /* SignupVC.swift */; };
		DD4A62CD2AC6D98E004CB6D1 /* KeychainSwift in Frameworks */ = {isa = PBXBuildFile; productRef = DD4A62CC2AC6D98E004CB6D1 /* KeychainSwift */; };
		DD4A62CF2AC6DB01004CB6D1 /* UserTokenResponse.swift in Sources */ = {isa = PBXBuildFile; fileRef = DD4A62CE2AC6DB01004CB6D1 /* UserTokenResponse.swift */; };
		DD9F03922AC2D255006EFA6E /* NanumSquareNeo-cBd.ttf in Resources */ = {isa = PBXBuildFile; fileRef = DD9F038D2AC2D255006EFA6E /* NanumSquareNeo-cBd.ttf */; };
		DD9F03932AC2D255006EFA6E /* NanumSquareNeo-dEb.ttf in Resources */ = {isa = PBXBuildFile; fileRef = DD9F038E2AC2D255006EFA6E /* NanumSquareNeo-dEb.ttf */; };
		DD9F03942AC2D255006EFA6E /* NanumSquareNeo-eHv.ttf in Resources */ = {isa = PBXBuildFile; fileRef = DD9F038F2AC2D255006EFA6E /* NanumSquareNeo-eHv.ttf */; };
		DD9F03952AC2D255006EFA6E /* NanumSquareNeo-bRg.ttf in Resources */ = {isa = PBXBuildFile; fileRef = DD9F03902AC2D255006EFA6E /* NanumSquareNeo-bRg.ttf */; };
		DD9F03962AC2D255006EFA6E /* NanumSquareNeo-aLt.ttf in Resources */ = {isa = PBXBuildFile; fileRef = DD9F03912AC2D255006EFA6E /* NanumSquareNeo-aLt.ttf */; };
		DDD054032AA1FE740093D9FE /* tancheon02.gpx in Resources */ = {isa = PBXBuildFile; fileRef = DDD054012AA1FE740093D9FE /* tancheon02.gpx */; };
		DDD054042AA1FE740093D9FE /* tancheon01.gpx in Resources */ = {isa = PBXBuildFile; fileRef = DDD054022AA1FE740093D9FE /* tancheon01.gpx */; };
		DDD054082AA770E60093D9FE /* TrackRecord.swift in Sources */ = {isa = PBXBuildFile; fileRef = DDD054072AA770E60093D9FE /* TrackRecord.swift */; };
		DDD0540A2AA78F2D0093D9FE /* TrackDetailResponse.swift in Sources */ = {isa = PBXBuildFile; fileRef = DDD054092AA78F2D0093D9FE /* TrackDetailResponse.swift */; };
		DDD0540C2AAAA8EF0093D9FE /* RankingVC.swift in Sources */ = {isa = PBXBuildFile; fileRef = DDD0540B2AAAA8EF0093D9FE /* RankingVC.swift */; };
		DDD0540E2AAAB0000093D9FE /* TrackRecordResponse.swift in Sources */ = {isa = PBXBuildFile; fileRef = DDD0540D2AAAB0000093D9FE /* TrackRecordResponse.swift */; };
		DDF66FA22A8FD4AF00A5C515 /* track-test2.gpx in Resources */ = {isa = PBXBuildFile; fileRef = DDF66FA12A8FD4AF00A5C515 /* track-test2.gpx */; };
		DDF66FA62A9468AE00A5C515 /* track-test3.gpx in Resources */ = {isa = PBXBuildFile; fileRef = DDF66FA52A9468AE00A5C515 /* track-test3.gpx */; };
/* End PBXBuildFile section */

/* Begin PBXFileReference section */
		DD057E672A8BA50C00BA55BD /* TrackMe.app */ = {isa = PBXFileReference; explicitFileType = wrapper.application; includeInIndex = 0; path = TrackMe.app; sourceTree = BUILT_PRODUCTS_DIR; };
		DD057E7E2A8BA53100BA55BD /* RecordTrackVC+Location.swift */ = {isa = PBXFileReference; fileEncoding = 4; lastKnownFileType = sourcecode.swift; path = "RecordTrackVC+Location.swift"; sourceTree = "<group>"; };
		DD057E7F2A8BA53100BA55BD /* BreadcrumbPathRenderer.swift */ = {isa = PBXFileReference; fileEncoding = 4; lastKnownFileType = sourcecode.swift; path = BreadcrumbPathRenderer.swift; sourceTree = "<group>"; };
		DD057E802A8BA53100BA55BD /* RecordTrackVC.swift */ = {isa = PBXFileReference; fileEncoding = 4; lastKnownFileType = sourcecode.swift; path = RecordTrackVC.swift; sourceTree = "<group>"; };
		DD057E812A8BA53100BA55BD /* AppDelegate.swift */ = {isa = PBXFileReference; fileEncoding = 4; lastKnownFileType = sourcecode.swift; name = AppDelegate.swift; path = "../../../../practice/ios-tutorial/DisplayingAnUpdatingPathOfAUsersLocationHistory/TravelHistory/AppDelegate.swift"; sourceTree = "<group>"; };
		DD057E822A8BA53100BA55BD /* BreadcrumbPath.swift */ = {isa = PBXFileReference; fileEncoding = 4; lastKnownFileType = sourcecode.swift; path = BreadcrumbPath.swift; sourceTree = "<group>"; };
		DD057E832A8BA53100BA55BD /* RecordTrackVC+Menus.swift */ = {isa = PBXFileReference; fileEncoding = 4; lastKnownFileType = sourcecode.swift; path = "RecordTrackVC+Menus.swift"; sourceTree = "<group>"; };
		DD057E8B2A8BA55700BA55BD /* bells.aif */ = {isa = PBXFileReference; lastKnownFileType = file; path = bells.aif; sourceTree = "<group>"; };
		DD057E8C2A8BA55700BA55BD /* Assets.xcassets */ = {isa = PBXFileReference; lastKnownFileType = folder.assetcatalog; path = Assets.xcassets; sourceTree = "<group>"; };
		DD057E8E2A8BA55700BA55BD /* Base */ = {isa = PBXFileReference; lastKnownFileType = file.storyboard; name = Base; path = Base.lproj/LaunchScreen.storyboard; sourceTree = "<group>"; };
		DD057E902A8BA55700BA55BD /* Base */ = {isa = PBXFileReference; lastKnownFileType = file.storyboard; name = Base; path = Base.lproj/Main.storyboard; sourceTree = "<group>"; };
		DD057E912A8BA55700BA55BD /* track-test.gpx */ = {isa = PBXFileReference; fileEncoding = 4; lastKnownFileType = text.xml; path = "track-test.gpx"; sourceTree = "<group>"; };
		DD057E922A8BA55700BA55BD /* Info.plist */ = {isa = PBXFileReference; fileEncoding = 4; lastKnownFileType = text.plist.xml; path = Info.plist; sourceTree = "<group>"; };
		DD057E992A8BA62400BA55BD /* SceneDelegate.swift */ = {isa = PBXFileReference; fileEncoding = 4; lastKnownFileType = sourcecode.swift; name = SceneDelegate.swift; path = "../../../../practice/ios-tutorial/DisplayingAnUpdatingPathOfAUsersLocationHistory/TravelHistory/SceneDelegate.swift"; sourceTree = "<group>"; };
		DD057E9B2A8BAB9C00BA55BD /* SearchTrackVC.swift */ = {isa = PBXFileReference; lastKnownFileType = sourcecode.swift; path = SearchTrackVC.swift; sourceTree = "<group>"; };
		DD057E9D2A8BABD500BA55BD /* MainVC.swift */ = {isa = PBXFileReference; lastKnownFileType = sourcecode.swift; path = MainVC.swift; sourceTree = "<group>"; };
		DD057E9F2A8BB2F300BA55BD /* SearchTrackResponse.swift */ = {isa = PBXFileReference; lastKnownFileType = sourcecode.swift; path = SearchTrackResponse.swift; sourceTree = "<group>"; };
		DD057EA12A8C6F9500BA55BD /* TrackDetailVC.swift */ = {isa = PBXFileReference; lastKnownFileType = sourcecode.swift; path = TrackDetailVC.swift; sourceTree = "<group>"; };
		DD057EA32A8CBFEA00BA55BD /* TrackUtils.swift */ = {isa = PBXFileReference; lastKnownFileType = sourcecode.swift; path = TrackUtils.swift; sourceTree = "<group>"; };
		DD057EB42A8F608400BA55BD /* RaceVC.swift */ = {isa = PBXFileReference; lastKnownFileType = sourcecode.swift; path = RaceVC.swift; sourceTree = "<group>"; };
		DD4A62C72AC6A87B004CB6D1 /* LoginVC.swift */ = {isa = PBXFileReference; lastKnownFileType = sourcecode.swift; path = LoginVC.swift; sourceTree = "<group>"; };
		DD4A62C92AC6A890004CB6D1 /* SignupVC.swift */ = {isa = PBXFileReference; lastKnownFileType = sourcecode.swift; path = SignupVC.swift; sourceTree = "<group>"; };
		DD4A62CE2AC6DB01004CB6D1 /* UserTokenResponse.swift */ = {isa = PBXFileReference; lastKnownFileType = sourcecode.swift; path = UserTokenResponse.swift; sourceTree = "<group>"; };
		DD9F038D2AC2D255006EFA6E /* NanumSquareNeo-cBd.ttf */ = {isa = PBXFileReference; lastKnownFileType = file; path = "NanumSquareNeo-cBd.ttf"; sourceTree = "<group>"; };
		DD9F038E2AC2D255006EFA6E /* NanumSquareNeo-dEb.ttf */ = {isa = PBXFileReference; lastKnownFileType = file; path = "NanumSquareNeo-dEb.ttf"; sourceTree = "<group>"; };
		DD9F038F2AC2D255006EFA6E /* NanumSquareNeo-eHv.ttf */ = {isa = PBXFileReference; lastKnownFileType = file; path = "NanumSquareNeo-eHv.ttf"; sourceTree = "<group>"; };
		DD9F03902AC2D255006EFA6E /* NanumSquareNeo-bRg.ttf */ = {isa = PBXFileReference; lastKnownFileType = file; path = "NanumSquareNeo-bRg.ttf"; sourceTree = "<group>"; };
		DD9F03912AC2D255006EFA6E /* NanumSquareNeo-aLt.ttf */ = {isa = PBXFileReference; lastKnownFileType = file; path = "NanumSquareNeo-aLt.ttf"; sourceTree = "<group>"; };
		DDD054012AA1FE740093D9FE /* tancheon02.gpx */ = {isa = PBXFileReference; fileEncoding = 4; lastKnownFileType = text.xml; path = tancheon02.gpx; sourceTree = "<group>"; };
		DDD054022AA1FE740093D9FE /* tancheon01.gpx */ = {isa = PBXFileReference; fileEncoding = 4; lastKnownFileType = text.xml; path = tancheon01.gpx; sourceTree = "<group>"; };
		DDD054072AA770E60093D9FE /* TrackRecord.swift */ = {isa = PBXFileReference; lastKnownFileType = sourcecode.swift; path = TrackRecord.swift; sourceTree = "<group>"; };
		DDD054092AA78F2D0093D9FE /* TrackDetailResponse.swift */ = {isa = PBXFileReference; lastKnownFileType = sourcecode.swift; path = TrackDetailResponse.swift; sourceTree = "<group>"; };
		DDD0540B2AAAA8EF0093D9FE /* RankingVC.swift */ = {isa = PBXFileReference; lastKnownFileType = sourcecode.swift; path = RankingVC.swift; sourceTree = "<group>"; };
		DDD0540D2AAAB0000093D9FE /* TrackRecordResponse.swift */ = {isa = PBXFileReference; lastKnownFileType = sourcecode.swift; path = TrackRecordResponse.swift; sourceTree = "<group>"; };
		DDF66FA12A8FD4AF00A5C515 /* track-test2.gpx */ = {isa = PBXFileReference; fileEncoding = 4; lastKnownFileType = text.xml; path = "track-test2.gpx"; sourceTree = "<group>"; };
		DDF66FA52A9468AE00A5C515 /* track-test3.gpx */ = {isa = PBXFileReference; fileEncoding = 4; lastKnownFileType = text.xml; path = "track-test3.gpx"; sourceTree = "<group>"; };
/* End PBXFileReference section */

/* Begin PBXFrameworksBuildPhase section */
		DD057E642A8BA50C00BA55BD /* Frameworks */ = {
			isa = PBXFrameworksBuildPhase;
			buildActionMask = 2147483647;
			files = (
				DD4A62CD2AC6D98E004CB6D1 /* KeychainSwift in Frameworks */,
				DD057EA72A8CC3AC00BA55BD /* SWXMLHash in Frameworks */,
				DD057EAA2A8DFFAD00BA55BD /* Alamofire in Frameworks */,
			);
			runOnlyForDeploymentPostprocessing = 0;
		};
/* End PBXFrameworksBuildPhase section */

/* Begin PBXGroup section */
		DD057E5E2A8BA50C00BA55BD = {
			isa = PBXGroup;
			children = (
				DD057E692A8BA50C00BA55BD /* TrackMe */,
				DD057E682A8BA50C00BA55BD /* Products */,
			);
			sourceTree = "<group>";
		};
		DD057E682A8BA50C00BA55BD /* Products */ = {
			isa = PBXGroup;
			children = (
				DD057E672A8BA50C00BA55BD /* TrackMe.app */,
			);
			name = Products;
			sourceTree = "<group>";
		};
		DD057E692A8BA50C00BA55BD /* TrackMe */ = {
			isa = PBXGroup;
			children = (
				DD057E812A8BA53100BA55BD /* AppDelegate.swift */,
				DD057E992A8BA62400BA55BD /* SceneDelegate.swift */,
				DD057EAB2A8E4E7300BA55BD /* view */,
				DD057EAD2A8E4EBE00BA55BD /* dto */,
				DD057EAC2A8E4EAA00BA55BD /* utils */,
				DD057E8A2A8BA55700BA55BD /* Resources */,
			);
			path = TrackMe;
			sourceTree = "<group>";
		};
		DD057E8A2A8BA55700BA55BD /* Resources */ = {
			isa = PBXGroup;
			children = (
				DD9F038C2AC2D255006EFA6E /* TTF */,
				DD057E8B2A8BA55700BA55BD /* bells.aif */,
				DD057E8C2A8BA55700BA55BD /* Assets.xcassets */,
				DD057E8D2A8BA55700BA55BD /* LaunchScreen.storyboard */,
				DD057E8F2A8BA55700BA55BD /* Main.storyboard */,
				DD057E912A8BA55700BA55BD /* track-test.gpx */,
				DDF66FA12A8FD4AF00A5C515 /* track-test2.gpx */,
				DDF66FA52A9468AE00A5C515 /* track-test3.gpx */,
				DDD054022AA1FE740093D9FE /* tancheon01.gpx */,
				DDD054012AA1FE740093D9FE /* tancheon02.gpx */,
				DD057E922A8BA55700BA55BD /* Info.plist */,
			);
			path = Resources;
			sourceTree = "<group>";
		};
		DD057EAB2A8E4E7300BA55BD /* view */ = {
			isa = PBXGroup;
			children = (
				DD057EAE2A8E4F4800BA55BD /* renderer */,
				DD057E9D2A8BABD500BA55BD /* MainVC.swift */,
				DD057E802A8BA53100BA55BD /* RecordTrackVC.swift */,
				DD057E7E2A8BA53100BA55BD /* RecordTrackVC+Location.swift */,
				DD057E832A8BA53100BA55BD /* RecordTrackVC+Menus.swift */,
				DD057E9B2A8BAB9C00BA55BD /* SearchTrackVC.swift */,
				DD057EA12A8C6F9500BA55BD /* TrackDetailVC.swift */,
				DD057EB42A8F608400BA55BD /* RaceVC.swift */,
				DDD0540B2AAAA8EF0093D9FE /* RankingVC.swift */,
				DD4A62C72AC6A87B004CB6D1 /* LoginVC.swift */,
				DD4A62C92AC6A890004CB6D1 /* SignupVC.swift */,
			);
			path = view;
			sourceTree = "<group>";
		};
		DD057EAC2A8E4EAA00BA55BD /* utils */ = {
			isa = PBXGroup;
			children = (
				DD057EA32A8CBFEA00BA55BD /* TrackUtils.swift */,
			);
			path = utils;
			sourceTree = "<group>";
		};
		DD057EAD2A8E4EBE00BA55BD /* dto */ = {
			isa = PBXGroup;
			children = (
				DD057E822A8BA53100BA55BD /* BreadcrumbPath.swift */,
				DD057E9F2A8BB2F300BA55BD /* SearchTrackResponse.swift */,
				DDD054072AA770E60093D9FE /* TrackRecord.swift */,
				DDD054092AA78F2D0093D9FE /* TrackDetailResponse.swift */,
				DDD0540D2AAAB0000093D9FE /* TrackRecordResponse.swift */,
				DD4A62CE2AC6DB01004CB6D1 /* UserTokenResponse.swift */,
			);
			path = dto;
			sourceTree = "<group>";
		};
		DD057EAE2A8E4F4800BA55BD /* renderer */ = {
			isa = PBXGroup;
			children = (
				DD057E7F2A8BA53100BA55BD /* BreadcrumbPathRenderer.swift */,
			);
			path = renderer;
			sourceTree = "<group>";
		};
		DD9F038C2AC2D255006EFA6E /* TTF */ = {
			isa = PBXGroup;
			children = (
				DD9F038D2AC2D255006EFA6E /* NanumSquareNeo-cBd.ttf */,
				DD9F038E2AC2D255006EFA6E /* NanumSquareNeo-dEb.ttf */,
				DD9F038F2AC2D255006EFA6E /* NanumSquareNeo-eHv.ttf */,
				DD9F03902AC2D255006EFA6E /* NanumSquareNeo-bRg.ttf */,
				DD9F03912AC2D255006EFA6E /* NanumSquareNeo-aLt.ttf */,
			);
			path = TTF;
			sourceTree = "<group>";
		};
/* End PBXGroup section */

/* Begin PBXNativeTarget section */
		DD057E662A8BA50C00BA55BD /* TrackMe */ = {
			isa = PBXNativeTarget;
			buildConfigurationList = DD057E7B2A8BA50E00BA55BD /* Build configuration list for PBXNativeTarget "TrackMe" */;
			buildPhases = (
				DD057E632A8BA50C00BA55BD /* Sources */,
				DD057E642A8BA50C00BA55BD /* Frameworks */,
				DD057E652A8BA50C00BA55BD /* Resources */,
			);
			buildRules = (
			);
			dependencies = (
			);
			name = TrackMe;
			packageProductDependencies = (
				DD057EA62A8CC3AC00BA55BD /* SWXMLHash */,
				DD057EA92A8DFFAD00BA55BD /* Alamofire */,
				DD4A62CC2AC6D98E004CB6D1 /* KeychainSwift */,
			);
			productName = TrackMe;
			productReference = DD057E672A8BA50C00BA55BD /* TrackMe.app */;
			productType = "com.apple.product-type.application";
		};
/* End PBXNativeTarget section */

/* Begin PBXProject section */
		DD057E5F2A8BA50C00BA55BD /* Project object */ = {
			isa = PBXProject;
			attributes = {
				BuildIndependentTargetsInParallel = 1;
				LastSwiftUpdateCheck = 1430;
				LastUpgradeCheck = 1430;
				TargetAttributes = {
					DD057E662A8BA50C00BA55BD = {
						CreatedOnToolsVersion = 14.3.1;
					};
				};
			};
			buildConfigurationList = DD057E622A8BA50C00BA55BD /* Build configuration list for PBXProject "TrackMe" */;
			compatibilityVersion = "Xcode 14.0";
			developmentRegion = en;
			hasScannedForEncodings = 0;
			knownRegions = (
				en,
				Base,
			);
			mainGroup = DD057E5E2A8BA50C00BA55BD;
			packageReferences = (
				DD057EA52A8CC3AC00BA55BD /* XCRemoteSwiftPackageReference "SWXMLHash" */,
				DD057EA82A8DFFAD00BA55BD /* XCRemoteSwiftPackageReference "Alamofire" */,
				DD4A62CB2AC6D98E004CB6D1 /* XCRemoteSwiftPackageReference "keychain-swift" */,
			);
			productRefGroup = DD057E682A8BA50C00BA55BD /* Products */;
			projectDirPath = "";
			projectRoot = "";
			targets = (
				DD057E662A8BA50C00BA55BD /* TrackMe */,
			);
		};
/* End PBXProject section */

/* Begin PBXResourcesBuildPhase section */
		DD057E652A8BA50C00BA55BD /* Resources */ = {
			isa = PBXResourcesBuildPhase;
			buildActionMask = 2147483647;
			files = (
				DDF66FA62A9468AE00A5C515 /* track-test3.gpx in Resources */,
				DD9F03962AC2D255006EFA6E /* NanumSquareNeo-aLt.ttf in Resources */,
				DDF66FA22A8FD4AF00A5C515 /* track-test2.gpx in Resources */,
				DD057E962A8BA55700BA55BD /* Main.storyboard in Resources */,
				DDD054042AA1FE740093D9FE /* tancheon01.gpx in Resources */,
				DD057E932A8BA55700BA55BD /* bells.aif in Resources */,
				DD9F03942AC2D255006EFA6E /* NanumSquareNeo-eHv.ttf in Resources */,
				DD057E952A8BA55700BA55BD /* LaunchScreen.storyboard in Resources */,
				DD9F03952AC2D255006EFA6E /* NanumSquareNeo-bRg.ttf in Resources */,
				DDD054032AA1FE740093D9FE /* tancheon02.gpx in Resources */,
				DD057E972A8BA55700BA55BD /* track-test.gpx in Resources */,
				DD9F03922AC2D255006EFA6E /* NanumSquareNeo-cBd.ttf in Resources */,
				DD057E942A8BA55700BA55BD /* Assets.xcassets in Resources */,
				DD9F03932AC2D255006EFA6E /* NanumSquareNeo-dEb.ttf in Resources */,
			);
			runOnlyForDeploymentPostprocessing = 0;
		};
/* End PBXResourcesBuildPhase section */

/* Begin PBXSourcesBuildPhase section */
		DD057E632A8BA50C00BA55BD /* Sources */ = {
			isa = PBXSourcesBuildPhase;
			buildActionMask = 2147483647;
			files = (
				DD057E842A8BA53100BA55BD /* RecordTrackVC+Location.swift in Sources */,
				DD057EA02A8BB2F300BA55BD /* SearchTrackResponse.swift in Sources */,
				DD057E862A8BA53100BA55BD /* RecordTrackVC.swift in Sources */,
				DDD054082AA770E60093D9FE /* TrackRecord.swift in Sources */,
				DD057EA42A8CBFEA00BA55BD /* TrackUtils.swift in Sources */,
				DDD0540E2AAAB0000093D9FE /* TrackRecordResponse.swift in Sources */,
				DD057E882A8BA53100BA55BD /* BreadcrumbPath.swift in Sources */,
				DD4A62CA2AC6A890004CB6D1 /* SignupVC.swift in Sources */,
				DD057EA22A8C6F9600BA55BD /* TrackDetailVC.swift in Sources */,
				DD057E872A8BA53100BA55BD /* AppDelegate.swift in Sources */,
				DD057E892A8BA53100BA55BD /* RecordTrackVC+Menus.swift in Sources */,
				DD057E852A8BA53100BA55BD /* BreadcrumbPathRenderer.swift in Sources */,
				DD057E9A2A8BA62400BA55BD /* SceneDelegate.swift in Sources */,
				DD057E9C2A8BAB9C00BA55BD /* SearchTrackVC.swift in Sources */,
				DD057E9E2A8BABD500BA55BD /* MainVC.swift in Sources */,
				DD4A62C82AC6A87B004CB6D1 /* LoginVC.swift in Sources */,
				DDD0540C2AAAA8EF0093D9FE /* RankingVC.swift in Sources */,
				DD4A62CF2AC6DB01004CB6D1 /* UserTokenResponse.swift in Sources */,
				DDD0540A2AA78F2D0093D9FE /* TrackDetailResponse.swift in Sources */,
				DD057EB52A8F608400BA55BD /* RaceVC.swift in Sources */,
			);
			runOnlyForDeploymentPostprocessing = 0;
		};
/* End PBXSourcesBuildPhase section */

/* Begin PBXVariantGroup section */
		DD057E8D2A8BA55700BA55BD /* LaunchScreen.storyboard */ = {
			isa = PBXVariantGroup;
			children = (
				DD057E8E2A8BA55700BA55BD /* Base */,
			);
			name = LaunchScreen.storyboard;
			sourceTree = "<group>";
		};
		DD057E8F2A8BA55700BA55BD /* Main.storyboard */ = {
			isa = PBXVariantGroup;
			children = (
				DD057E902A8BA55700BA55BD /* Base */,
			);
			name = Main.storyboard;
			sourceTree = "<group>";
		};
/* End PBXVariantGroup section */

/* Begin XCBuildConfiguration section */
		DD057E792A8BA50E00BA55BD /* Debug */ = {
			isa = XCBuildConfiguration;
			buildSettings = {
				ALWAYS_SEARCH_USER_PATHS = NO;
				CLANG_ANALYZER_NONNULL = YES;
				CLANG_ANALYZER_NUMBER_OBJECT_CONVERSION = YES_AGGRESSIVE;
				CLANG_CXX_LANGUAGE_STANDARD = "gnu++20";
				CLANG_ENABLE_MODULES = YES;
				CLANG_ENABLE_OBJC_ARC = YES;
				CLANG_ENABLE_OBJC_WEAK = YES;
				CLANG_WARN_BLOCK_CAPTURE_AUTORELEASING = YES;
				CLANG_WARN_BOOL_CONVERSION = YES;
				CLANG_WARN_COMMA = YES;
				CLANG_WARN_CONSTANT_CONVERSION = YES;
				CLANG_WARN_DEPRECATED_OBJC_IMPLEMENTATIONS = YES;
				CLANG_WARN_DIRECT_OBJC_ISA_USAGE = YES_ERROR;
				CLANG_WARN_DOCUMENTATION_COMMENTS = YES;
				CLANG_WARN_EMPTY_BODY = YES;
				CLANG_WARN_ENUM_CONVERSION = YES;
				CLANG_WARN_INFINITE_RECURSION = YES;
				CLANG_WARN_INT_CONVERSION = YES;
				CLANG_WARN_NON_LITERAL_NULL_CONVERSION = YES;
				CLANG_WARN_OBJC_IMPLICIT_RETAIN_SELF = YES;
				CLANG_WARN_OBJC_LITERAL_CONVERSION = YES;
				CLANG_WARN_OBJC_ROOT_CLASS = YES_ERROR;
				CLANG_WARN_QUOTED_INCLUDE_IN_FRAMEWORK_HEADER = YES;
				CLANG_WARN_RANGE_LOOP_ANALYSIS = YES;
				CLANG_WARN_STRICT_PROTOTYPES = YES;
				CLANG_WARN_SUSPICIOUS_MOVE = YES;
				CLANG_WARN_UNGUARDED_AVAILABILITY = YES_AGGRESSIVE;
				CLANG_WARN_UNREACHABLE_CODE = YES;
				CLANG_WARN__DUPLICATE_METHOD_MATCH = YES;
				COPY_PHASE_STRIP = NO;
				DEBUG_INFORMATION_FORMAT = dwarf;
				ENABLE_STRICT_OBJC_MSGSEND = YES;
				ENABLE_TESTABILITY = YES;
				GCC_C_LANGUAGE_STANDARD = gnu11;
				GCC_DYNAMIC_NO_PIC = NO;
				GCC_NO_COMMON_BLOCKS = YES;
				GCC_OPTIMIZATION_LEVEL = 0;
				GCC_PREPROCESSOR_DEFINITIONS = (
					"DEBUG=1",
					"$(inherited)",
				);
				GCC_WARN_64_TO_32_BIT_CONVERSION = YES;
				GCC_WARN_ABOUT_RETURN_TYPE = YES_ERROR;
				GCC_WARN_UNDECLARED_SELECTOR = YES;
				GCC_WARN_UNINITIALIZED_AUTOS = YES_AGGRESSIVE;
				GCC_WARN_UNUSED_FUNCTION = YES;
				GCC_WARN_UNUSED_VARIABLE = YES;
				IPHONEOS_DEPLOYMENT_TARGET = 16.4;
				MTL_ENABLE_DEBUG_INFO = INCLUDE_SOURCE;
				MTL_FAST_MATH = YES;
				ONLY_ACTIVE_ARCH = YES;
				SDKROOT = iphoneos;
				SWIFT_ACTIVE_COMPILATION_CONDITIONS = DEBUG;
				SWIFT_OPTIMIZATION_LEVEL = "-Onone";
			};
			name = Debug;
		};
		DD057E7A2A8BA50E00BA55BD /* Release */ = {
			isa = XCBuildConfiguration;
			buildSettings = {
				ALWAYS_SEARCH_USER_PATHS = NO;
				CLANG_ANALYZER_NONNULL = YES;
				CLANG_ANALYZER_NUMBER_OBJECT_CONVERSION = YES_AGGRESSIVE;
				CLANG_CXX_LANGUAGE_STANDARD = "gnu++20";
				CLANG_ENABLE_MODULES = YES;
				CLANG_ENABLE_OBJC_ARC = YES;
				CLANG_ENABLE_OBJC_WEAK = YES;
				CLANG_WARN_BLOCK_CAPTURE_AUTORELEASING = YES;
				CLANG_WARN_BOOL_CONVERSION = YES;
				CLANG_WARN_COMMA = YES;
				CLANG_WARN_CONSTANT_CONVERSION = YES;
				CLANG_WARN_DEPRECATED_OBJC_IMPLEMENTATIONS = YES;
				CLANG_WARN_DIRECT_OBJC_ISA_USAGE = YES_ERROR;
				CLANG_WARN_DOCUMENTATION_COMMENTS = YES;
				CLANG_WARN_EMPTY_BODY = YES;
				CLANG_WARN_ENUM_CONVERSION = YES;
				CLANG_WARN_INFINITE_RECURSION = YES;
				CLANG_WARN_INT_CONVERSION = YES;
				CLANG_WARN_NON_LITERAL_NULL_CONVERSION = YES;
				CLANG_WARN_OBJC_IMPLICIT_RETAIN_SELF = YES;
				CLANG_WARN_OBJC_LITERAL_CONVERSION = YES;
				CLANG_WARN_OBJC_ROOT_CLASS = YES_ERROR;
				CLANG_WARN_QUOTED_INCLUDE_IN_FRAMEWORK_HEADER = YES;
				CLANG_WARN_RANGE_LOOP_ANALYSIS = YES;
				CLANG_WARN_STRICT_PROTOTYPES = YES;
				CLANG_WARN_SUSPICIOUS_MOVE = YES;
				CLANG_WARN_UNGUARDED_AVAILABILITY = YES_AGGRESSIVE;
				CLANG_WARN_UNREACHABLE_CODE = YES;
				CLANG_WARN__DUPLICATE_METHOD_MATCH = YES;
				COPY_PHASE_STRIP = NO;
				DEBUG_INFORMATION_FORMAT = "dwarf-with-dsym";
				ENABLE_NS_ASSERTIONS = NO;
				ENABLE_STRICT_OBJC_MSGSEND = YES;
				GCC_C_LANGUAGE_STANDARD = gnu11;
				GCC_NO_COMMON_BLOCKS = YES;
				GCC_WARN_64_TO_32_BIT_CONVERSION = YES;
				GCC_WARN_ABOUT_RETURN_TYPE = YES_ERROR;
				GCC_WARN_UNDECLARED_SELECTOR = YES;
				GCC_WARN_UNINITIALIZED_AUTOS = YES_AGGRESSIVE;
				GCC_WARN_UNUSED_FUNCTION = YES;
				GCC_WARN_UNUSED_VARIABLE = YES;
				IPHONEOS_DEPLOYMENT_TARGET = 16.4;
				MTL_ENABLE_DEBUG_INFO = NO;
				MTL_FAST_MATH = YES;
				SDKROOT = iphoneos;
				SWIFT_COMPILATION_MODE = wholemodule;
				SWIFT_OPTIMIZATION_LEVEL = "-O";
				VALIDATE_PRODUCT = YES;
			};
			name = Release;
		};
		DD057E7C2A8BA50E00BA55BD /* Debug */ = {
			isa = XCBuildConfiguration;
			buildSettings = {
				ASSETCATALOG_COMPILER_APPICON_NAME = AppIcon;
				ASSETCATALOG_COMPILER_GLOBAL_ACCENT_COLOR_NAME = AccentColor;
				CODE_SIGN_STYLE = Automatic;
				CURRENT_PROJECT_VERSION = 1;
				DEVELOPMENT_TEAM = CX5U4XQC5B;
				GENERATE_INFOPLIST_FILE = YES;
				INFOPLIST_FILE = TrackMe/Info.plist;
				INFOPLIST_KEY_LSApplicationCategoryType = "";
				INFOPLIST_KEY_NSLocationAlwaysAndWhenInUseUsageDescription = "TrackMe needs your location to record your track history.";
				INFOPLIST_KEY_NSLocationWhenInUseUsageDescription = "TrackMe needs your location to record your track history.";
				INFOPLIST_KEY_UIApplicationSupportsIndirectInputEvents = YES;
				INFOPLIST_KEY_UILaunchStoryboardName = LaunchScreen;
				INFOPLIST_KEY_UIMainStoryboardFile = Main;
				INFOPLIST_KEY_UISupportedInterfaceOrientations_iPad = "UIInterfaceOrientationPortrait UIInterfaceOrientationPortraitUpsideDown UIInterfaceOrientationLandscapeLeft UIInterfaceOrientationLandscapeRight";
				INFOPLIST_KEY_UISupportedInterfaceOrientations_iPhone = "UIInterfaceOrientationPortrait UIInterfaceOrientationLandscapeLeft UIInterfaceOrientationLandscapeRight";
				LD_RUNPATH_SEARCH_PATHS = (
					"$(inherited)",
					"@executable_path/Frameworks",
				);
				MARKETING_VERSION = 1.0;
				PRODUCT_BUNDLE_IDENTIFIER = com.app.TrackMe;
				PRODUCT_NAME = "$(TARGET_NAME)";
				SWIFT_EMIT_LOC_STRINGS = YES;
				SWIFT_VERSION = 5.0;
				TARGETED_DEVICE_FAMILY = "1,2";
			};
			name = Debug;
		};
		DD057E7D2A8BA50E00BA55BD /* Release */ = {
			isa = XCBuildConfiguration;
			buildSettings = {
				ASSETCATALOG_COMPILER_APPICON_NAME = AppIcon;
				ASSETCATALOG_COMPILER_GLOBAL_ACCENT_COLOR_NAME = AccentColor;
				CODE_SIGN_STYLE = Automatic;
				CURRENT_PROJECT_VERSION = 1;
				DEVELOPMENT_TEAM = CX5U4XQC5B;
				GENERATE_INFOPLIST_FILE = YES;
				INFOPLIST_FILE = TrackMe/Info.plist;
				INFOPLIST_KEY_LSApplicationCategoryType = "";
				INFOPLIST_KEY_NSLocationAlwaysAndWhenInUseUsageDescription = "TrackMe needs your location to record your track history.";
				INFOPLIST_KEY_NSLocationWhenInUseUsageDescription = "TrackMe needs your location to record your track history.";
				INFOPLIST_KEY_UIApplicationSupportsIndirectInputEvents = YES;
				INFOPLIST_KEY_UILaunchStoryboardName = LaunchScreen;
				INFOPLIST_KEY_UIMainStoryboardFile = Main;
				INFOPLIST_KEY_UISupportedInterfaceOrientations_iPad = "UIInterfaceOrientationPortrait UIInterfaceOrientationPortraitUpsideDown UIInterfaceOrientationLandscapeLeft UIInterfaceOrientationLandscapeRight";
				INFOPLIST_KEY_UISupportedInterfaceOrientations_iPhone = "UIInterfaceOrientationPortrait UIInterfaceOrientationLandscapeLeft UIInterfaceOrientationLandscapeRight";
				LD_RUNPATH_SEARCH_PATHS = (
					"$(inherited)",
					"@executable_path/Frameworks",
				);
				MARKETING_VERSION = 1.0;
				PRODUCT_BUNDLE_IDENTIFIER = com.app.TrackMe;
				PRODUCT_NAME = "$(TARGET_NAME)";
				SWIFT_EMIT_LOC_STRINGS = YES;
				SWIFT_VERSION = 5.0;
				TARGETED_DEVICE_FAMILY = "1,2";
			};
			name = Release;
		};
/* End XCBuildConfiguration section */

/* Begin XCConfigurationList section */
		DD057E622A8BA50C00BA55BD /* Build configuration list for PBXProject "TrackMe" */ = {
			isa = XCConfigurationList;
			buildConfigurations = (
				DD057E792A8BA50E00BA55BD /* Debug */,
				DD057E7A2A8BA50E00BA55BD /* Release */,
			);
			defaultConfigurationIsVisible = 0;
			defaultConfigurationName = Release;
		};
		DD057E7B2A8BA50E00BA55BD /* Build configuration list for PBXNativeTarget "TrackMe" */ = {
			isa = XCConfigurationList;
			buildConfigurations = (
				DD057E7C2A8BA50E00BA55BD /* Debug */,
				DD057E7D2A8BA50E00BA55BD /* Release */,
			);
			defaultConfigurationIsVisible = 0;
			defaultConfigurationName = Release;
		};
/* End XCConfigurationList section */

/* Begin XCRemoteSwiftPackageReference section */
		DD057EA52A8CC3AC00BA55BD /* XCRemoteSwiftPackageReference "SWXMLHash" */ = {
			isa = XCRemoteSwiftPackageReference;
			repositoryURL = "https://github.com/drmohundro/SWXMLHash.git";
			requirement = {
				kind = upToNextMajorVersion;
				minimumVersion = 7.0.0;
			};
		};
		DD057EA82A8DFFAD00BA55BD /* XCRemoteSwiftPackageReference "Alamofire" */ = {
			isa = XCRemoteSwiftPackageReference;
			repositoryURL = "https://github.com/Alamofire/Alamofire.git";
			requirement = {
				kind = upToNextMajorVersion;
				minimumVersion = 5.0.0;
			};
		};
		DD4A62CB2AC6D98E004CB6D1 /* XCRemoteSwiftPackageReference "keychain-swift" */ = {
			isa = XCRemoteSwiftPackageReference;
			repositoryURL = "https://github.com/evgenyneu/keychain-swift.git";
			requirement = {
				kind = upToNextMajorVersion;
				minimumVersion = 20.0.0;
			};
		};
/* End XCRemoteSwiftPackageReference section */

/* Begin XCSwiftPackageProductDependency section */
		DD057EA62A8CC3AC00BA55BD /* SWXMLHash */ = {
			isa = XCSwiftPackageProductDependency;
			package = DD057EA52A8CC3AC00BA55BD /* XCRemoteSwiftPackageReference "SWXMLHash" */;
			productName = SWXMLHash;
		};
		DD057EA92A8DFFAD00BA55BD /* Alamofire */ = {
			isa = XCSwiftPackageProductDependency;
			package = DD057EA82A8DFFAD00BA55BD /* XCRemoteSwiftPackageReference "Alamofire" */;
			productName = Alamofire;
		};
		DD4A62CC2AC6D98E004CB6D1 /* KeychainSwift */ = {
			isa = XCSwiftPackageProductDependency;
			package = DD4A62CB2AC6D98E004CB6D1 /* XCRemoteSwiftPackageReference "keychain-swift" */;
			productName = KeychainSwift;
		};
/* End XCSwiftPackageProductDependency section */
	};
	rootObject = DD057E5F2A8BA50C00BA55BD /* Project object */;
}
